
Microsoft Visual Studio Solution File, Format Version 12.00
# Visual Studio 15
VisualStudioVersion = 15.0.27703.2035
MinimumVisualStudioVersion = 10.0.40219.1
Project("{9A19103F-16F7-4668-BE54-9A1E7A4F7556}") = "RunningApp", "RunningApp\RunningApp.csproj", "{314FDC99-E298-4894-9053-2F76DFC515D8}"
EndProject
Project("{FAE04EC0-301F-11D3-BF4B-00C04F79EFBC}") = "RunningApp.Tests", "RunningApp.Tests\RunningApp.Tests.csproj", "{DCFC513E-BAE4-47C4-AFF0-888F09754A73}"
EndProject
Global
	GlobalSection(SolutionConfigurationPlatforms) = preSolution
		Debug|Any CPU = Debug|Any CPU
		Release|Any CPU = Release|Any CPU
	EndGlobalSection
	GlobalSection(ProjectConfigurationPlatforms) = postSolution
		{314FDC99-E298-4894-9053-2F76DFC515D8}.Debug|Any CPU.ActiveCfg = Debug|Any CPU
		{314FDC99-E298-4894-9053-2F76DFC515D8}.Debug|Any CPU.Build.0 = Debug|Any CPU
		{314FDC99-E298-4894-9053-2F76DFC515D8}.Release|Any CPU.ActiveCfg = Release|Any CPU
		{314FDC99-E298-4894-9053-2F76DFC515D8}.Release|Any CPU.Build.0 = Release|Any CPU
		{DCFC513E-BAE4-47C4-AFF0-888F09754A73}.Debug|Any CPU.ActiveCfg = Debug|Any CPU
		{DCFC513E-BAE4-47C4-AFF0-888F09754A73}.Debug|Any CPU.Build.0 = Debug|Any CPU
		{DCFC513E-BAE4-47C4-AFF0-888F09754A73}.Release|Any CPU.ActiveCfg = Release|Any CPU
		{DCFC513E-BAE4-47C4-AFF0-888F09754A73}.Release|Any CPU.Build.0 = Release|Any CPU
	EndGlobalSection
	GlobalSection(SolutionProperties) = preSolution
		HideSolutionNode = FALSE
	EndGlobalSection
	GlobalSection(ExtensibilityGlobals) = postSolution
		SolutionGuid = {66781F61-D5EA-45BB-AB8B-4DEB8BD40DAE}
	EndGlobalSection
EndGlobal
